
Microsoft Visual Studio Solution File, Format Version 12.00
Project("{FAE04EC0-301F-11D3-BF4B-00C04F79EFBC}") = "OrderAggregator", "OrderAggregator\OrderAggregator.csproj", "{E0A98F42-DF11-4C61-A2B4-AB958FF031BD}"
EndProject
Project("{FAE04EC0-301F-11D3-BF4B-00C04F79EFBC}") = "OrderAggregator.Tests", "OrderAggregator.Tests\OrderAggregator.Tests.csproj", "{5878802F-06D6-423D-A672-BC788CCE19EE}"
EndProject
Global
	GlobalSection(SolutionConfigurationPlatforms) = preSolution
		Debug|Any CPU = Debug|Any CPU
		Release|Any CPU = Release|Any CPU
	EndGlobalSection
	GlobalSection(ProjectConfigurationPlatforms) = postSolution
		{E0A98F42-DF11-4C61-A2B4-AB958FF031BD}.Debug|Any CPU.ActiveCfg = Debug|Any CPU
		{E0A98F42-DF11-4C61-A2B4-AB958FF031BD}.Debug|Any CPU.Build.0 = Debug|Any CPU
		{E0A98F42-DF11-4C61-A2B4-AB958FF031BD}.Release|Any CPU.ActiveCfg = Release|Any CPU
		{E0A98F42-DF11-4C61-A2B4-AB958FF031BD}.Release|Any CPU.Build.0 = Release|Any CPU
		{5878802F-06D6-423D-A672-BC788CCE19EE}.Debug|Any CPU.ActiveCfg = Debug|Any CPU
		{5878802F-06D6-423D-A672-BC788CCE19EE}.Debug|Any CPU.Build.0 = Debug|Any CPU
		{5878802F-06D6-423D-A672-BC788CCE19EE}.Release|Any CPU.ActiveCfg = Release|Any CPU
		{5878802F-06D6-423D-A672-BC788CCE19EE}.Release|Any CPU.Build.0 = Release|Any CPU
	EndGlobalSection
EndGlobal
